
Microsoft Visual Studio Solution File, Format Version 12.00
# Visual Studio 15
VisualStudioVersion = 15.0.27428.2037
MinimumVisualStudioVersion = 10.0.40219.1
Project("{FAE04EC0-301F-11D3-BF4B-00C04F79EFBC}") = "RisarcUtilitiesPortal", "RisarcUtilitiesPortal\RisarcUtilitiesPortal.csproj", "{D9DF41F4-5111-4CBC-9161-92D75ADED655}"
EndProject
Project("{FAE04EC0-301F-11D3-BF4B-00C04F79EFBC}") = "Risarc.Enterprise.Repository", "..\Risarc.Enterprise.Repository\Risarc.Enterprise.Repository\Risarc.Enterprise.Repository.csproj", "{8038D082-484B-46C1-A5DA-FF1917DD63B1}"
EndProject
Global
	GlobalSection(SolutionConfigurationPlatforms) = preSolution
		Debug|Any CPU = Debug|Any CPU
		Release|Any CPU = Release|Any CPU
	EndGlobalSection
	GlobalSection(ProjectConfigurationPlatforms) = postSolution
		{D9DF41F4-5111-4CBC-9161-92D75ADED655}.Debug|Any CPU.ActiveCfg = Debug|Any CPU
		{D9DF41F4-5111-4CBC-9161-92D75ADED655}.Debug|Any CPU.Build.0 = Debug|Any CPU
		{D9DF41F4-5111-4CBC-9161-92D75ADED655}.Release|Any CPU.ActiveCfg = Release|Any CPU
		{D9DF41F4-5111-4CBC-9161-92D75ADED655}.Release|Any CPU.Build.0 = Release|Any CPU
		{8038D082-484B-46C1-A5DA-FF1917DD63B1}.Debug|Any CPU.ActiveCfg = Debug|Any CPU
		{8038D082-484B-46C1-A5DA-FF1917DD63B1}.Debug|Any CPU.Build.0 = Debug|Any CPU
		{8038D082-484B-46C1-A5DA-FF1917DD63B1}.Release|Any CPU.ActiveCfg = Release|Any CPU
		{8038D082-484B-46C1-A5DA-FF1917DD63B1}.Release|Any CPU.Build.0 = Release|Any CPU
	EndGlobalSection
	GlobalSection(SolutionProperties) = preSolution
		HideSolutionNode = FALSE
	EndGlobalSection
	GlobalSection(ExtensibilityGlobals) = postSolution
		SolutionGuid = {D0A4E3D3-8E00-42BC-86E7-91CA24A57AB4}
	EndGlobalSection
EndGlobal
